
Microsoft Visual Studio Solution File, Format Version 12.00
# Visual Studio Version 16
VisualStudioVersion = 16.0.30611.23
MinimumVisualStudioVersion = 10.0.40219.1
Project("{FAE04EC0-301F-11D3-BF4B-00C04F79EFBC}") = "FasterPlaylistScroll", "FasterPlaylistScroll\FasterPlaylistScroll.csproj", "{D3D12113-0680-46E0-A2C5-DB3815C356FA}"
EndProject
Global
	GlobalSection(SolutionConfigurationPlatforms) = preSolution
		Debug|Any CPU = Debug|Any CPU
		Release|Any CPU = Release|Any CPU
	EndGlobalSection
	GlobalSection(ProjectConfigurationPlatforms) = postSolution
		{D3D12113-0680-46E0-A2C5-DB3815C356FA}.Debug|Any CPU.ActiveCfg = Debug|Any CPU
		{D3D12113-0680-46E0-A2C5-DB3815C356FA}.Debug|Any CPU.Build.0 = Debug|Any CPU
		{D3D12113-0680-46E0-A2C5-DB3815C356FA}.Release|Any CPU.ActiveCfg = Release|Any CPU
		{D3D12113-0680-46E0-A2C5-DB3815C356FA}.Release|Any CPU.Build.0 = Release|Any CPU
	EndGlobalSection
	GlobalSection(SolutionProperties) = preSolution
		HideSolutionNode = FALSE
	EndGlobalSection
	GlobalSection(ExtensibilityGlobals) = postSolution
		SolutionGuid = {63D6E7D3-912E-46D0-80AC-26501E695AE5}
	EndGlobalSection
EndGlobal
